// !$*UTF8*$!
{
	archiveVersion = 1;
	classes = {
	};
	objectVersion = 46;
	objects = {

/* Begin PBXBuildFile section */
		9979C08F1D16395D003E9AA5 /* NibInstantiating.swift in Sources */ = {isa = PBXBuildFile; fileRef = 9988C9181D112AA8003476C3 /* NibInstantiating.swift */; };
		9988C8EA1D112A1E003476C3 /* AppDelegate.swift in Sources */ = {isa = PBXBuildFile; fileRef = 9988C8E91D112A1E003476C3 /* AppDelegate.swift */; };
		9988C8F11D112A1E003476C3 /* Assets.xcassets in Resources */ = {isa = PBXBuildFile; fileRef = 9988C8F01D112A1E003476C3 /* Assets.xcassets */; };
		9988C8F41D112A1E003476C3 /* LaunchScreen.storyboard in Resources */ = {isa = PBXBuildFile; fileRef = 9988C8F21D112A1E003476C3 /* LaunchScreen.storyboard */; };
		9988C8FF1D112A1E003476C3 /* NibInstantiatingTests.swift in Sources */ = {isa = PBXBuildFile; fileRef = 9988C8FE1D112A1E003476C3 /* NibInstantiatingTests.swift */; };
		9988C90A1D112A1E003476C3 /* NibInstantiatingUITests.swift in Sources */ = {isa = PBXBuildFile; fileRef = 9988C9091D112A1E003476C3 /* NibInstantiatingUITests.swift */; };
		9988C91E1D112AA8003476C3 /* TableViewInsetsAdjusting.swift in Sources */ = {isa = PBXBuildFile; fileRef = 9988C9171D112AA8003476C3 /* TableViewInsetsAdjusting.swift */; };
		9988C91F1D112AA8003476C3 /* NibInstantiating.swift in Sources */ = {isa = PBXBuildFile; fileRef = 9988C9181D112AA8003476C3 /* NibInstantiating.swift */; };
		9988C9201D112AA8003476C3 /* ExampleTableViewController.swift in Sources */ = {isa = PBXBuildFile; fileRef = 9988C9191D112AA8003476C3 /* ExampleTableViewController.swift */; };
		9988C9211D112AA8003476C3 /* TextInputBar.swift in Sources */ = {isa = PBXBuildFile; fileRef = 9988C91A1D112AA8003476C3 /* TextInputBar.swift */; };
		9988C9221D112AA8003476C3 /* TextInputBar.xib in Resources */ = {isa = PBXBuildFile; fileRef = 9988C91B1D112AA8003476C3 /* TextInputBar.xib */; };
		9988C9231D112AA8003476C3 /* Main.storyboard in Resources */ = {isa = PBXBuildFile; fileRef = 9988C91D1D112AA8003476C3 /* Main.storyboard */; };
		99E4AC251D16358A00C79A89 /* TestView.xib in Resources */ = {isa = PBXBuildFile; fileRef = 99E4AC241D16358A00C79A89 /* TestView.xib */; };
		99E4AC271D1635C800C79A89 /* TestView.swift in Sources */ = {isa = PBXBuildFile; fileRef = 99E4AC261D1635C800C79A89 /* TestView.swift */; };
		99E4AC291D1636B300C79A89 /* TestView.xib in Resources */ = {isa = PBXBuildFile; fileRef = 99E4AC241D16358A00C79A89 /* TestView.xib */; };
		99E4AC2A1D1636B600C79A89 /* TestView.swift in Sources */ = {isa = PBXBuildFile; fileRef = 99E4AC261D1635C800C79A89 /* TestView.swift */; };
/* End PBXBuildFile section */

/* Begin PBXContainerItemProxy section */
		9988C8FB1D112A1E003476C3 /* PBXContainerItemProxy */ = {
			isa = PBXContainerItemProxy;
			containerPortal = 9988C8DE1D112A1E003476C3 /* Project object */;
			proxyType = 1;
			remoteGlobalIDString = 9988C8E51D112A1E003476C3;
			remoteInfo = NibInstantiating;
		};
		9988C9061D112A1E003476C3 /* PBXContainerItemProxy */ = {
			isa = PBXContainerItemProxy;
			containerPortal = 9988C8DE1D112A1E003476C3 /* Project object */;
			proxyType = 1;
			remoteGlobalIDString = 9988C8E51D112A1E003476C3;
			remoteInfo = NibInstantiating;
		};
/* End PBXContainerItemProxy section */

/* Begin PBXFileReference section */
		9988C8E61D112A1E003476C3 /* NibInstantiating.app */ = {isa = PBXFileReference; explicitFileType = wrapper.application; includeInIndex = 0; path = NibInstantiating.app; sourceTree = BUILT_PRODUCTS_DIR; };
		9988C8E91D112A1E003476C3 /* AppDelegate.swift */ = {isa = PBXFileReference; lastKnownFileType = sourcecode.swift; path = AppDelegate.swift; sourceTree = "<group>"; };
		9988C8F01D112A1E003476C3 /* Assets.xcassets */ = {isa = PBXFileReference; lastKnownFileType = folder.assetcatalog; path = Assets.xcassets; sourceTree = "<group>"; };
		9988C8F31D112A1E003476C3 /* Base */ = {isa = PBXFileReference; lastKnownFileType = file.storyboard; name = Base; path = Base.lproj/LaunchScreen.storyboard; sourceTree = "<group>"; };
		9988C8F51D112A1E003476C3 /* Info.plist */ = {isa = PBXFileReference; lastKnownFileType = text.plist.xml; path = Info.plist; sourceTree = "<group>"; };
		9988C8FA1D112A1E003476C3 /* NibInstantiatingTests.xctest */ = {isa = PBXFileReference; explicitFileType = wrapper.cfbundle; includeInIndex = 0; path = NibInstantiatingTests.xctest; sourceTree = BUILT_PRODUCTS_DIR; };
		9988C8FE1D112A1E003476C3 /* NibInstantiatingTests.swift */ = {isa = PBXFileReference; lastKnownFileType = sourcecode.swift; path = NibInstantiatingTests.swift; sourceTree = "<group>"; };
		9988C9001D112A1E003476C3 /* Info.plist */ = {isa = PBXFileReference; lastKnownFileType = text.plist.xml; path = Info.plist; sourceTree = "<group>"; };
		9988C9051D112A1E003476C3 /* NibInstantiatingUITests.xctest */ = {isa = PBXFileReference; explicitFileType = wrapper.cfbundle; includeInIndex = 0; path = NibInstantiatingUITests.xctest; sourceTree = BUILT_PRODUCTS_DIR; };
		9988C9091D112A1E003476C3 /* NibInstantiatingUITests.swift */ = {isa = PBXFileReference; lastKnownFileType = sourcecode.swift; path = NibInstantiatingUITests.swift; sourceTree = "<group>"; };
		9988C90B1D112A1E003476C3 /* Info.plist */ = {isa = PBXFileReference; lastKnownFileType = text.plist.xml; path = Info.plist; sourceTree = "<group>"; };
		9988C9171D112AA8003476C3 /* TableViewInsetsAdjusting.swift */ = {isa = PBXFileReference; fileEncoding = 4; lastKnownFileType = sourcecode.swift; name = TableViewInsetsAdjusting.swift; path = ../../../TableViewInsets/TableViewInsetsExample/TableViewInsetsExample/TableViewInsetsAdjusting.swift; sourceTree = "<group>"; };
		9988C9181D112AA8003476C3 /* NibInstantiating.swift */ = {isa = PBXFileReference; fileEncoding = 4; lastKnownFileType = sourcecode.swift; name = NibInstantiating.swift; path = ../../../TableViewInsets/TableViewInsetsExample/TableViewInsetsExample/NibInstantiating.swift; sourceTree = "<group>"; };
		9988C9191D112AA8003476C3 /* ExampleTableViewController.swift */ = {isa = PBXFileReference; fileEncoding = 4; lastKnownFileType = sourcecode.swift; name = ExampleTableViewController.swift; path = ../../../TableViewInsets/TableViewInsetsExample/TableViewInsetsExample/ExampleTableViewController.swift; sourceTree = "<group>"; };
		9988C91A1D112AA8003476C3 /* TextInputBar.swift */ = {isa = PBXFileReference; fileEncoding = 4; lastKnownFileType = sourcecode.swift; name = TextInputBar.swift; path = ../../../TableViewInsets/TableViewInsetsExample/TableViewInsetsExample/TextInputBar.swift; sourceTree = "<group>"; };
		9988C91B1D112AA8003476C3 /* TextInputBar.xib */ = {isa = PBXFileReference; fileEncoding = 4; lastKnownFileType = file.xib; name = TextInputBar.xib; path = ../../../TableViewInsets/TableViewInsetsExample/TableViewInsetsExample/TextInputBar.xib; sourceTree = "<group>"; };
		9988C91C1D112AA8003476C3 /* Base */ = {isa = PBXFileReference; lastKnownFileType = file.storyboard; name = Base; path = Base.lproj/Main.storyboard; sourceTree = "<group>"; };
		99E4AC241D16358A00C79A89 /* TestView.xib */ = {isa = PBXFileReference; fileEncoding = 4; lastKnownFileType = file.xib; path = TestView.xib; sourceTree = "<group>"; };
		99E4AC261D1635C800C79A89 /* TestView.swift */ = {isa = PBXFileReference; fileEncoding = 4; lastKnownFileType = sourcecode.swift; path = TestView.swift; sourceTree = "<group>"; };
/* End PBXFileReference section */

/* Begin PBXFrameworksBuildPhase section */
		9988C8E31D112A1E003476C3 /* Frameworks */ = {
			isa = PBXFrameworksBuildPhase;
			buildActionMask = 2147483647;
			files = (
			);
			runOnlyForDeploymentPostprocessing = 0;
		};
		9988C8F71D112A1E003476C3 /* Frameworks */ = {
			isa = PBXFrameworksBuildPhase;
			buildActionMask = 2147483647;
			files = (
			);
			runOnlyForDeploymentPostprocessing = 0;
		};
		9988C9021D112A1E003476C3 /* Frameworks */ = {
			isa = PBXFrameworksBuildPhase;
			buildActionMask = 2147483647;
			files = (
			);
			runOnlyForDeploymentPostprocessing = 0;
		};
/* End PBXFrameworksBuildPhase section */

/* Begin PBXGroup section */
		9988C8DD1D112A1E003476C3 = {
			isa = PBXGroup;
			children = (
				9988C8E81D112A1E003476C3 /* NibInstantiating */,
				9988C8FD1D112A1E003476C3 /* NibInstantiatingTests */,
				9988C9081D112A1E003476C3 /* NibInstantiatingUITests */,
				9988C8E71D112A1E003476C3 /* Products */,
			);
			sourceTree = "<group>";
		};
		9988C8E71D112A1E003476C3 /* Products */ = {
			isa = PBXGroup;
			children = (
				9988C8E61D112A1E003476C3 /* NibInstantiating.app */,
				9988C8FA1D112A1E003476C3 /* NibInstantiatingTests.xctest */,
				9988C9051D112A1E003476C3 /* NibInstantiatingUITests.xctest */,
			);
			name = Products;
			sourceTree = "<group>";
		};
		9988C8E81D112A1E003476C3 /* NibInstantiating */ = {
			isa = PBXGroup;
			children = (
				9988C8E91D112A1E003476C3 /* AppDelegate.swift */,
				9988C9171D112AA8003476C3 /* TableViewInsetsAdjusting.swift */,
				9988C9181D112AA8003476C3 /* NibInstantiating.swift */,
				9988C9191D112AA8003476C3 /* ExampleTableViewController.swift */,
				9988C91A1D112AA8003476C3 /* TextInputBar.swift */,
				9988C91B1D112AA8003476C3 /* TextInputBar.xib */,
				9988C91D1D112AA8003476C3 /* Main.storyboard */,
				9988C8F01D112A1E003476C3 /* Assets.xcassets */,
				9988C8F21D112A1E003476C3 /* LaunchScreen.storyboard */,
				9988C8F51D112A1E003476C3 /* Info.plist */,
			);
			path = NibInstantiating;
			sourceTree = "<group>";
		};
		9988C8FD1D112A1E003476C3 /* NibInstantiatingTests */ = {
			isa = PBXGroup;
			children = (
				9988C8FE1D112A1E003476C3 /* NibInstantiatingTests.swift */,
				9988C9001D112A1E003476C3 /* Info.plist */,
				99E4AC241D16358A00C79A89 /* TestView.xib */,
				99E4AC261D1635C800C79A89 /* TestView.swift */,
			);
			path = NibInstantiatingTests;
			sourceTree = "<group>";
		};
		9988C9081D112A1E003476C3 /* NibInstantiatingUITests */ = {
			isa = PBXGroup;
			children = (
				9988C9091D112A1E003476C3 /* NibInstantiatingUITests.swift */,
				9988C90B1D112A1E003476C3 /* Info.plist */,
			);
			path = NibInstantiatingUITests;
			sourceTree = "<group>";
		};
/* End PBXGroup section */

/* Begin PBXNativeTarget section */
		9988C8E51D112A1E003476C3 /* NibInstantiating */ = {
			isa = PBXNativeTarget;
			buildConfigurationList = 9988C90E1D112A1E003476C3 /* Build configuration list for PBXNativeTarget "NibInstantiating" */;
			buildPhases = (
				9988C8E21D112A1E003476C3 /* Sources */,
				9988C8E31D112A1E003476C3 /* Frameworks */,
				9988C8E41D112A1E003476C3 /* Resources */,
			);
			buildRules = (
			);
			dependencies = (
			);
			name = NibInstantiating;
			productName = NibInstantiating;
			productReference = 9988C8E61D112A1E003476C3 /* NibInstantiating.app */;
			productType = "com.apple.product-type.application";
		};
		9988C8F91D112A1E003476C3 /* NibInstantiatingTests */ = {
			isa = PBXNativeTarget;
			buildConfigurationList = 9988C9111D112A1E003476C3 /* Build configuration list for PBXNativeTarget "NibInstantiatingTests" */;
			buildPhases = (
				9988C8F61D112A1E003476C3 /* Sources */,
				9988C8F71D112A1E003476C3 /* Frameworks */,
				9988C8F81D112A1E003476C3 /* Resources */,
			);
			buildRules = (
			);
			dependencies = (
				9988C8FC1D112A1E003476C3 /* PBXTargetDependency */,
			);
			name = NibInstantiatingTests;
			productName = NibInstantiatingTests;
			productReference = 9988C8FA1D112A1E003476C3 /* NibInstantiatingTests.xctest */;
			productType = "com.apple.product-type.bundle.unit-test";
		};
		9988C9041D112A1E003476C3 /* NibInstantiatingUITests */ = {
			isa = PBXNativeTarget;
			buildConfigurationList = 9988C9141D112A1E003476C3 /* Build configuration list for PBXNativeTarget "NibInstantiatingUITests" */;
			buildPhases = (
				9988C9011D112A1E003476C3 /* Sources */,
				9988C9021D112A1E003476C3 /* Frameworks */,
				9988C9031D112A1E003476C3 /* Resources */,
			);
			buildRules = (
			);
			dependencies = (
				9988C9071D112A1E003476C3 /* PBXTargetDependency */,
			);
			name = NibInstantiatingUITests;
			productName = NibInstantiatingUITests;
			productReference = 9988C9051D112A1E003476C3 /* NibInstantiatingUITests.xctest */;
			productType = "com.apple.product-type.bundle.ui-testing";
		};
/* End PBXNativeTarget section */

/* Begin PBXProject section */
		9988C8DE1D112A1E003476C3 /* Project object */ = {
			isa = PBXProject;
			attributes = {
				LastSwiftUpdateCheck = 0730;
				LastUpgradeCheck = 0730;
				ORGANIZATIONNAME = "Kyle Kendall";
				TargetAttributes = {
					9988C8E51D112A1E003476C3 = {
						CreatedOnToolsVersion = 7.3.1;
					};
					9988C8F91D112A1E003476C3 = {
						CreatedOnToolsVersion = 7.3.1;
						TestTargetID = 9988C8E51D112A1E003476C3;
					};
					9988C9041D112A1E003476C3 = {
						CreatedOnToolsVersion = 7.3.1;
						TestTargetID = 9988C8E51D112A1E003476C3;
					};
				};
			};
			buildConfigurationList = 9988C8E11D112A1E003476C3 /* Build configuration list for PBXProject "NibInstantiating" */;
			compatibilityVersion = "Xcode 3.2";
			developmentRegion = English;
			hasScannedForEncodings = 0;
			knownRegions = (
				en,
				Base,
			);
			mainGroup = 9988C8DD1D112A1E003476C3;
			productRefGroup = 9988C8E71D112A1E003476C3 /* Products */;
			projectDirPath = "";
			projectRoot = "";
			targets = (
				9988C8E51D112A1E003476C3 /* NibInstantiating */,
				9988C8F91D112A1E003476C3 /* NibInstantiatingTests */,
				9988C9041D112A1E003476C3 /* NibInstantiatingUITests */,
			);
		};
/* End PBXProject section */

/* Begin PBXResourcesBuildPhase section */
		9988C8E41D112A1E003476C3 /* Resources */ = {
			isa = PBXResourcesBuildPhase;
			buildActionMask = 2147483647;
			files = (
				9988C8F41D112A1E003476C3 /* LaunchScreen.storyboard in Resources */,
				9988C8F11D112A1E003476C3 /* Assets.xcassets in Resources */,
				9988C9221D112AA8003476C3 /* TextInputBar.xib in Resources */,
				99E4AC291D1636B300C79A89 /* TestView.xib in Resources */,
				9988C9231D112AA8003476C3 /* Main.storyboard in Resources */,
			);
			runOnlyForDeploymentPostprocessing = 0;
		};
		9988C8F81D112A1E003476C3 /* Resources */ = {
			isa = PBXResourcesBuildPhase;
			buildActionMask = 2147483647;
			files = (
				99E4AC251D16358A00C79A89 /* TestView.xib in Resources */,
			);
			runOnlyForDeploymentPostprocessing = 0;
		};
		9988C9031D112A1E003476C3 /* Resources */ = {
			isa = PBXResourcesBuildPhase;
			buildActionMask = 2147483647;
			files = (
			);
			runOnlyForDeploymentPostprocessing = 0;
		};
/* End PBXResourcesBuildPhase section */

/* Begin PBXSourcesBuildPhase section */
		9988C8E21D112A1E003476C3 /* Sources */ = {
			isa = PBXSourcesBuildPhase;
			buildActionMask = 2147483647;
			files = (
				99E4AC2A1D1636B600C79A89 /* TestView.swift in Sources */,
				9988C9201D112AA8003476C3 /* ExampleTableViewController.swift in Sources */,
				9988C8EA1D112A1E003476C3 /* AppDelegate.swift in Sources */,
				9988C91E1D112AA8003476C3 /* TableViewInsetsAdjusting.swift in Sources */,
				9988C91F1D112AA8003476C3 /* NibInstantiating.swift in Sources */,
				9988C9211D112AA8003476C3 /* TextInputBar.swift in Sources */,
			);
			runOnlyForDeploymentPostprocessing = 0;
		};
		9988C8F61D112A1E003476C3 /* Sources */ = {
			isa = PBXSourcesBuildPhase;
			buildActionMask = 2147483647;
			files = (
				99E4AC271D1635C800C79A89 /* TestView.swift in Sources */,
				9988C8FF1D112A1E003476C3 /* NibInstantiatingTests.swift in Sources */,
				9979C08F1D16395D003E9AA5 /* NibInstantiating.swift in Sources */,
			);
			runOnlyForDeploymentPostprocessing = 0;
		};
		9988C9011D112A1E003476C3 /* Sources */ = {
			isa = PBXSourcesBuildPhase;
			buildActionMask = 2147483647;
			files = (
				9988C90A1D112A1E003476C3 /* NibInstantiatingUITests.swift in Sources */,
			);
			runOnlyForDeploymentPostprocessing = 0;
		};
/* End PBXSourcesBuildPhase section */

/* Begin PBXTargetDependency section */
		9988C8FC1D112A1E003476C3 /* PBXTargetDependency */ = {
			isa = PBXTargetDependency;
			target = 9988C8E51D112A1E003476C3 /* NibInstantiating */;
			targetProxy = 9988C8FB1D112A1E003476C3 /* PBXContainerItemProxy */;
		};
		9988C9071D112A1E003476C3 /* PBXTargetDependency */ = {
			isa = PBXTargetDependency;
			target = 9988C8E51D112A1E003476C3 /* NibInstantiating */;
			targetProxy = 9988C9061D112A1E003476C3 /* PBXContainerItemProxy */;
		};
/* End PBXTargetDependency section */

/* Begin PBXVariantGroup section */
		9988C8F21D112A1E003476C3 /* LaunchScreen.storyboard */ = {
			isa = PBXVariantGroup;
			children = (
				9988C8F31D112A1E003476C3 /* Base */,
			);
			name = LaunchScreen.storyboard;
			sourceTree = "<group>";
		};
		9988C91D1D112AA8003476C3 /* Main.storyboard */ = {
			isa = PBXVariantGroup;
			children = (
				9988C91C1D112AA8003476C3 /* Base */,
			);
			name = Main.storyboard;
			path = ../../../TableViewInsets/TableViewInsetsExample/TableViewInsetsExample;
			sourceTree = "<group>";
		};
/* End PBXVariantGroup section */

/* Begin XCBuildConfiguration section */
		9988C90C1D112A1E003476C3 /* Debug */ = {
			isa = XCBuildConfiguration;
			buildSettings = {
				ALWAYS_SEARCH_USER_PATHS = NO;
				CLANG_ANALYZER_NONNULL = YES;
				CLANG_CXX_LANGUAGE_STANDARD = "gnu++0x";
				CLANG_CXX_LIBRARY = "libc++";
				CLANG_ENABLE_MODULES = YES;
				CLANG_ENABLE_OBJC_ARC = YES;
				CLANG_WARN_BOOL_CONVERSION = YES;
				CLANG_WARN_CONSTANT_CONVERSION = YES;
				CLANG_WARN_DIRECT_OBJC_ISA_USAGE = YES_ERROR;
				CLANG_WARN_EMPTY_BODY = YES;
				CLANG_WARN_ENUM_CONVERSION = YES;
				CLANG_WARN_INT_CONVERSION = YES;
				CLANG_WARN_OBJC_ROOT_CLASS = YES_ERROR;
				CLANG_WARN_UNREACHABLE_CODE = YES;
				CLANG_WARN__DUPLICATE_METHOD_MATCH = YES;
				"CODE_SIGN_IDENTITY[sdk=iphoneos*]" = "iPhone Developer";
				COPY_PHASE_STRIP = NO;
				DEBUG_INFORMATION_FORMAT = dwarf;
				ENABLE_STRICT_OBJC_MSGSEND = YES;
				ENABLE_TESTABILITY = YES;
				GCC_C_LANGUAGE_STANDARD = gnu99;
				GCC_DYNAMIC_NO_PIC = NO;
				GCC_NO_COMMON_BLOCKS = YES;
				GCC_OPTIMIZATION_LEVEL = 0;
				GCC_PREPROCESSOR_DEFINITIONS = (
					"DEBUG=1",
					"$(inherited)",
				);
				GCC_WARN_64_TO_32_BIT_CONVERSION = YES;
				GCC_WARN_ABOUT_RETURN_TYPE = YES_ERROR;
				GCC_WARN_UNDECLARED_SELECTOR = YES;
				GCC_WARN_UNINITIALIZED_AUTOS = YES_AGGRESSIVE;
				GCC_WARN_UNUSED_FUNCTION = YES;
				GCC_WARN_UNUSED_VARIABLE = YES;
				IPHONEOS_DEPLOYMENT_TARGET = 9.3;
				MTL_ENABLE_DEBUG_INFO = YES;
				ONLY_ACTIVE_ARCH = YES;
				SDKROOT = iphoneos;
				SWIFT_OPTIMIZATION_LEVEL = "-Onone";
				TARGETED_DEVICE_FAMILY = "1,2";
			};
			name = Debug;
		};
		9988C90D1D112A1E003476C3 /* Release */ = {
			isa = XCBuildConfiguration;
			buildSettings = {
				ALWAYS_SEARCH_USER_PATHS = NO;
				CLANG_ANALYZER_NONNULL = YES;
				CLANG_CXX_LANGUAGE_STANDARD = "gnu++0x";
				CLANG_CXX_LIBRARY = "libc++";
				CLANG_ENABLE_MODULES = YES;
				CLANG_ENABLE_OBJC_ARC = YES;
				CLANG_WARN_BOOL_CONVERSION = YES;
				CLANG_WARN_CONSTANT_CONVERSION = YES;
				CLANG_WARN_DIRECT_OBJC_ISA_USAGE = YES_ERROR;
				CLANG_WARN_EMPTY_BODY = YES;
				CLANG_WARN_ENUM_CONVERSION = YES;
				CLANG_WARN_INT_CONVERSION = YES;
				CLANG_WARN_OBJC_ROOT_CLASS = YES_ERROR;
				CLANG_WARN_UNREACHABLE_CODE = YES;
				CLANG_WARN__DUPLICATE_METHOD_MATCH = YES;
				"CODE_SIGN_IDENTITY[sdk=iphoneos*]" = "iPhone Developer";
				COPY_PHASE_STRIP = NO;
				DEBUG_INFORMATION_FORMAT = "dwarf-with-dsym";
				ENABLE_NS_ASSERTIONS = NO;
				ENABLE_STRICT_OBJC_MSGSEND = YES;
				GCC_C_LANGUAGE_STANDARD = gnu99;
				GCC_NO_COMMON_BLOCKS = YES;
				GCC_WARN_64_TO_32_BIT_CONVERSION = YES;
				GCC_WARN_ABOUT_RETURN_TYPE = YES_ERROR;
				GCC_WARN_UNDECLARED_SELECTOR = YES;
				GCC_WARN_UNINITIALIZED_AUTOS = YES_AGGRESSIVE;
				GCC_WARN_UNUSED_FUNCTION = YES;
				GCC_WARN_UNUSED_VARIABLE = YES;
				IPHONEOS_DEPLOYMENT_TARGET = 9.3;
				MTL_ENABLE_DEBUG_INFO = NO;
				SDKROOT = iphoneos;
				TARGETED_DEVICE_FAMILY = "1,2";
				VALIDATE_PRODUCT = YES;
			};
			name = Release;
		};
		9988C90F1D112A1E003476C3 /* Debug */ = {
			isa = XCBuildConfiguration;
			buildSettings = {
				ASSETCATALOG_COMPILER_APPICON_NAME = AppIcon;
				INFOPLIST_FILE = NibInstantiating/Info.plist;
				LD_RUNPATH_SEARCH_PATHS = "$(inherited) @executable_path/Frameworks";
				PRODUCT_BUNDLE_IDENTIFIER = BD.NibInstantiating;
				PRODUCT_NAME = "$(TARGET_NAME)";
			};
			name = Debug;
		};
		9988C9101D112A1E003476C3 /* Release */ = {
			isa = XCBuildConfiguration;
			buildSettings = {
				ASSETCATALOG_COMPILER_APPICON_NAME = AppIcon;
				INFOPLIST_FILE = NibInstantiating/Info.plist;
				LD_RUNPATH_SEARCH_PATHS = "$(inherited) @executable_path/Frameworks";
				PRODUCT_BUNDLE_IDENTIFIER = BD.NibInstantiating;
				PRODUCT_NAME = "$(TARGET_NAME)";
			};
			name = Release;
		};
		9988C9121D112A1E003476C3 /* Debug */ = {
			isa = XCBuildConfiguration;
			buildSettings = {
				BUNDLE_LOADER = "$(TEST_HOST)";
				INFOPLIST_FILE = NibInstantiatingTests/Info.plist;
				LD_RUNPATH_SEARCH_PATHS = "$(inherited) @executable_path/Frameworks @loader_path/Frameworks";
				PRODUCT_BUNDLE_IDENTIFIER = BD.NibInstantiatingTests;
				PRODUCT_NAME = "$(TARGET_NAME)";
				TEST_HOST = "$(BUILT_PRODUCTS_DIR)/NibInstantiating.app/NibInstantiating";
			};
			name = Debug;
		};
		9988C9131D112A1E003476C3 /* Release */ = {
			isa = XCBuildConfiguration;
			buildSettings = {
				BUNDLE_LOADER = "$(TEST_HOST)";
				INFOPLIST_FILE = NibInstantiatingTests/Info.plist;
				LD_RUNPATH_SEARCH_PATHS = "$(inherited) @executable_path/Frameworks @loader_path/Frameworks";
				PRODUCT_BUNDLE_IDENTIFIER = BD.NibInstantiatingTests;
				PRODUCT_NAME = "$(TARGET_NAME)";
				TEST_HOST = "$(BUILT_PRODUCTS_DIR)/NibInstantiating.app/NibInstantiating";
			};
			name = Release;
		};
		9988C9151D112A1E003476C3 /* Debug */ = {
			isa = XCBuildConfiguration;
			buildSettings = {
				INFOPLIST_FILE = NibInstantiatingUITests/Info.plist;
				LD_RUNPATH_SEARCH_PATHS = "$(inherited) @executable_path/Frameworks @loader_path/Frameworks";
				PRODUCT_BUNDLE_IDENTIFIER = BD.NibInstantiatingUITests;
				PRODUCT_NAME = "$(TARGET_NAME)";
				TEST_TARGET_NAME = NibInstantiating;
			};
			name = Debug;
		};
		9988C9161D112A1E003476C3 /* Release */ = {
			isa = XCBuildConfiguration;
			buildSettings = {
				INFOPLIST_FILE = NibInstantiatingUITests/Info.plist;
				LD_RUNPATH_SEARCH_PATHS = "$(inherited) @executable_path/Frameworks @loader_path/Frameworks";
				PRODUCT_BUNDLE_IDENTIFIER = BD.NibInstantiatingUITests;
				PRODUCT_NAME = "$(TARGET_NAME)";
				TEST_TARGET_NAME = NibInstantiating;
			};
			name = Release;
		};
/* End XCBuildConfiguration section */

/* Begin XCConfigurationList section */
		9988C8E11D112A1E003476C3 /* Build configuration list for PBXProject "NibInstantiating" */ = {
			isa = XCConfigurationList;
			buildConfigurations = (
				9988C90C1D112A1E003476C3 /* Debug */,
				9988C90D1D112A1E003476C3 /* Release */,
			);
			defaultConfigurationIsVisible = 0;
			defaultConfigurationName = Release;
		};
		9988C90E1D112A1E003476C3 /* Build configuration list for PBXNativeTarget "NibInstantiating" */ = {
			isa = XCConfigurationList;
			buildConfigurations = (
				9988C90F1D112A1E003476C3 /* Debug */,
				9988C9101D112A1E003476C3 /* Release */,
			);
			defaultConfigurationIsVisible = 0;
			defaultConfigurationName = Release;
		};
		9988C9111D112A1E003476C3 /* Build configuration list for PBXNativeTarget "NibInstantiatingTests" */ = {
			isa = XCConfigurationList;
			buildConfigurations = (
				9988C9121D112A1E003476C3 /* Debug */,
				9988C9131D112A1E003476C3 /* Release */,
			);
			defaultConfigurationIsVisible = 0;
			defaultConfigurationName = Release;
		};
		9988C9141D112A1E003476C3 /* Build configuration list for PBXNativeTarget "NibInstantiatingUITests" */ = {
			isa = XCConfigurationList;
			buildConfigurations = (
				9988C9151D112A1E003476C3 /* Debug */,
				9988C9161D112A1E003476C3 /* Release */,
			);
			defaultConfigurationIsVisible = 0;
			defaultConfigurationName = Release;
		};
/* End XCConfigurationList section */
	};
	rootObject = 9988C8DE1D112A1E003476C3 /* Project object */;
}
